{
  "name": "instagram-clone-backend",
  "version": "0.1.0",
  "lockfileVersion": 3,
  "requires": true,
  "packages": {
    "": {
      "name": "instagram-clone-backend",
      "version": "0.1.0",
      "license": "MIT",
      "workspaces": [
        "services/*"
      ],
      "devDependencies": {}
    },
    "node_modules/media-service": {
      "resolved": "services/media-service",
      "link": true
    },
    "node_modules/message-service": {
      "resolved": "services/message-service",
      "link": true
    },
    "node_modules/notification-service": {
      "resolved": "services/notification-service",
      "link": true
    },
    "node_modules/post-service": {
      "resolved": "services/post-service",
      "link": true
    },
    "node_modules/search-service": {
      "resolved": "services/search-service",
      "link": true
    },
    "node_modules/social-service": {
      "resolved": "services/social-service",
      "link": true
    },
    "node_modules/story-service": {
      "resolved": "services/story-service",
      "link": true
    },
    "node_modules/user-service": {
      "resolved": "services/user-service",
      "link": true
    },
    "services/media-service": {
      "version": "1.0.0"
    },
    "services/message-service": {
      "version": "1.0.0"
    },
    "services/notification-service": {
      "version": "1.0.0"
    },
    "services/post-service": {
      "version": "1.0.0"
    },
    "services/search-service": {
      "version": "1.0.0"
    },
    "services/social-service": {
      "version": "1.0.0"
    },
    "services/story-service": {
      "version": "1.0.0"
    },
    "services/user-service": {
      "version": "1.0.0"
    }
  }
}
